
Microsoft Visual Studio Solution File, Format Version 12.00
# Visual Studio 2013
VisualStudioVersion = 12.0.31101.0
MinimumVisualStudioVersion = 10.0.40219.1
Project("{FAE04EC0-301F-11D3-BF4B-00C04F79EFBC}") = "metric.collector.pcl", "metric.collector.pcl\metric.collector.pcl.csproj", "{BBEF1759-E395-47CE-9FEC-ACFD7E32002B}"
EndProject
Project("{FAE04EC0-301F-11D3-BF4B-00C04F79EFBC}") = "metric.collector.test", "metric.collector.test\metric.collector.test.csproj", "{C0863E7E-2402-4EB5-8D0E-C318AC566BEF}"
EndProject
Project("{2150E333-8FDC-42A3-9474-1A3956D46DE8}") = "Solution Items", "Solution Items", "{C3C74277-4364-49BB-824B-552E5EF46DB9}"
	ProjectSection(SolutionItems) = preProject
		README.md = README.md
	EndProjectSection
EndProject
Global
	GlobalSection(SolutionConfigurationPlatforms) = preSolution
		Debug|Any CPU = Debug|Any CPU
		Release|Any CPU = Release|Any CPU
	EndGlobalSection
	GlobalSection(ProjectConfigurationPlatforms) = postSolution
		{BBEF1759-E395-47CE-9FEC-ACFD7E32002B}.Debug|Any CPU.ActiveCfg = Debug|Any CPU
		{BBEF1759-E395-47CE-9FEC-ACFD7E32002B}.Debug|Any CPU.Build.0 = Debug|Any CPU
		{BBEF1759-E395-47CE-9FEC-ACFD7E32002B}.Release|Any CPU.ActiveCfg = Release|Any CPU
		{BBEF1759-E395-47CE-9FEC-ACFD7E32002B}.Release|Any CPU.Build.0 = Release|Any CPU
		{C0863E7E-2402-4EB5-8D0E-C318AC566BEF}.Debug|Any CPU.ActiveCfg = Debug|Any CPU
		{C0863E7E-2402-4EB5-8D0E-C318AC566BEF}.Debug|Any CPU.Build.0 = Debug|Any CPU
		{C0863E7E-2402-4EB5-8D0E-C318AC566BEF}.Release|Any CPU.ActiveCfg = Release|Any CPU
		{C0863E7E-2402-4EB5-8D0E-C318AC566BEF}.Release|Any CPU.Build.0 = Release|Any CPU
	EndGlobalSection
	GlobalSection(SolutionProperties) = preSolution
		HideSolutionNode = FALSE
	EndGlobalSection
EndGlobal
